// !$*UTF8*$!
{
	archiveVersion = 1;
	classes = {
	};
	objectVersion = 48;
	objects = {

/* Begin PBXBuildFile section */
		333595DB1F70547A0054184C /* AppDelegate.swift in Sources */ = {isa = PBXBuildFile; fileRef = 333595DA1F70547A0054184C /* AppDelegate.swift */; };
		333595DD1F70547A0054184C /* HomeViewController.swift in Sources */ = {isa = PBXBuildFile; fileRef = 333595DC1F70547A0054184C /* HomeViewController.swift */; };
		333595E01F70547A0054184C /* Main.storyboard in Resources */ = {isa = PBXBuildFile; fileRef = 333595DE1F70547A0054184C /* Main.storyboard */; };
		333595E21F70547A0054184C /* Assets.xcassets in Resources */ = {isa = PBXBuildFile; fileRef = 333595E11F70547A0054184C /* Assets.xcassets */; };
		333595E51F70547A0054184C /* LaunchScreen.storyboard in Resources */ = {isa = PBXBuildFile; fileRef = 333595E31F70547A0054184C /* LaunchScreen.storyboard */; };
		333595ED1F7063930054184C /* GoogleService-Info.plist in Resources */ = {isa = PBXBuildFile; fileRef = 333595EC1F70635A0054184C /* GoogleService-Info.plist */; };
		333595EF1F70850C0054184C /* ProfileViewController.swift in Sources */ = {isa = PBXBuildFile; fileRef = 333595EE1F70850C0054184C /* ProfileViewController.swift */; };
		333595F11F7087300054184C /* AddTripViewController.swift in Sources */ = {isa = PBXBuildFile; fileRef = 333595F01F7087300054184C /* AddTripViewController.swift */; };
		333595F31F7088350054184C /* UserTripsTableViewController.swift in Sources */ = {isa = PBXBuildFile; fileRef = 333595F21F7088350054184C /* UserTripsTableViewController.swift */; };
		333595F51F731F0F0054184C /* TripViewController.swift in Sources */ = {isa = PBXBuildFile; fileRef = 333595F41F731F0F0054184C /* TripViewController.swift */; };
		904D5A4C13008A4FED7B05C3 /* Pods_Wonder_and_Wander.framework in Frameworks */ = {isa = PBXBuildFile; fileRef = EA394023DD72C3CF81188F88 /* Pods_Wonder_and_Wander.framework */; };
/* End PBXBuildFile section */

/* Begin PBXFileReference section */
		333595D71F70547A0054184C /* Wonder and Wander.app */ = {isa = PBXFileReference; explicitFileType = wrapper.application; includeInIndex = 0; path = "Wonder and Wander.app"; sourceTree = BUILT_PRODUCTS_DIR; };
		333595DA1F70547A0054184C /* AppDelegate.swift */ = {isa = PBXFileReference; lastKnownFileType = sourcecode.swift; path = AppDelegate.swift; sourceTree = "<group>"; };
		333595DC1F70547A0054184C /* HomeViewController.swift */ = {isa = PBXFileReference; lastKnownFileType = sourcecode.swift; path = HomeViewController.swift; sourceTree = "<group>"; };
		333595DF1F70547A0054184C /* Base */ = {isa = PBXFileReference; lastKnownFileType = file.storyboard; name = Base; path = Base.lproj/Main.storyboard; sourceTree = "<group>"; };
		333595E11F70547A0054184C /* Assets.xcassets */ = {isa = PBXFileReference; lastKnownFileType = folder.assetcatalog; path = Assets.xcassets; sourceTree = "<group>"; };
		333595E41F70547A0054184C /* Base */ = {isa = PBXFileReference; lastKnownFileType = file.storyboard; name = Base; path = Base.lproj/LaunchScreen.storyboard; sourceTree = "<group>"; };
		333595E61F70547A0054184C /* Info.plist */ = {isa = PBXFileReference; lastKnownFileType = text.plist.xml; path = Info.plist; sourceTree = "<group>"; };
		333595EC1F70635A0054184C /* GoogleService-Info.plist */ = {isa = PBXFileReference; lastKnownFileType = text.plist.xml; path = "GoogleService-Info.plist"; sourceTree = "<group>"; };
		333595EE1F70850C0054184C /* ProfileViewController.swift */ = {isa = PBXFileReference; lastKnownFileType = sourcecode.swift; path = ProfileViewController.swift; sourceTree = "<group>"; };
		333595F01F7087300054184C /* AddTripViewController.swift */ = {isa = PBXFileReference; lastKnownFileType = sourcecode.swift; path = AddTripViewController.swift; sourceTree = "<group>"; };
		333595F21F7088350054184C /* UserTripsTableViewController.swift */ = {isa = PBXFileReference; lastKnownFileType = sourcecode.swift; path = UserTripsTableViewController.swift; sourceTree = "<group>"; };
		333595F41F731F0F0054184C /* TripViewController.swift */ = {isa = PBXFileReference; lastKnownFileType = sourcecode.swift; path = TripViewController.swift; sourceTree = "<group>"; };
		33FC345FEEB8ED4957FE8345 /* Pods-Wonder and Wander.debug.xcconfig */ = {isa = PBXFileReference; includeInIndex = 1; lastKnownFileType = text.xcconfig; name = "Pods-Wonder and Wander.debug.xcconfig"; path = "Pods/Target Support Files/Pods-Wonder and Wander/Pods-Wonder and Wander.debug.xcconfig"; sourceTree = "<group>"; };
		6FC3B1CB1A98584D1AACE2E7 /* Pods-Wonder and Wander.release.xcconfig */ = {isa = PBXFileReference; includeInIndex = 1; lastKnownFileType = text.xcconfig; name = "Pods-Wonder and Wander.release.xcconfig"; path = "Pods/Target Support Files/Pods-Wonder and Wander/Pods-Wonder and Wander.release.xcconfig"; sourceTree = "<group>"; };
		EA394023DD72C3CF81188F88 /* Pods_Wonder_and_Wander.framework */ = {isa = PBXFileReference; explicitFileType = wrapper.framework; includeInIndex = 0; path = Pods_Wonder_and_Wander.framework; sourceTree = BUILT_PRODUCTS_DIR; };
/* End PBXFileReference section */

/* Begin PBXFrameworksBuildPhase section */
		333595D41F70547A0054184C /* Frameworks */ = {
			isa = PBXFrameworksBuildPhase;
			buildActionMask = 2147483647;
			files = (
				904D5A4C13008A4FED7B05C3 /* Pods_Wonder_and_Wander.framework in Frameworks */,
			);
			runOnlyForDeploymentPostprocessing = 0;
		};
/* End PBXFrameworksBuildPhase section */

/* Begin PBXGroup section */
		333595CE1F70547A0054184C = {
			isa = PBXGroup;
			children = (
				333595D91F70547A0054184C /* Wonder and Wander */,
				333595D81F70547A0054184C /* Products */,
				8C86B2F5687043EC53747A90 /* Pods */,
				820DEB3E39B466B01CAE2DAD /* Frameworks */,
			);
			sourceTree = "<group>";
		};
		333595D81F70547A0054184C /* Products */ = {
			isa = PBXGroup;
			children = (
				333595D71F70547A0054184C /* Wonder and Wander.app */,
			);
			name = Products;
			sourceTree = "<group>";
		};
		333595D91F70547A0054184C /* Wonder and Wander */ = {
			isa = PBXGroup;
			children = (
				333595DA1F70547A0054184C /* AppDelegate.swift */,
				333595DC1F70547A0054184C /* HomeViewController.swift */,
				333595EE1F70850C0054184C /* ProfileViewController.swift */,
				333595F01F7087300054184C /* AddTripViewController.swift */,
				333595F21F7088350054184C /* UserTripsTableViewController.swift */,
				333595F41F731F0F0054184C /* TripViewController.swift */,
				333595DE1F70547A0054184C /* Main.storyboard */,
				333595EC1F70635A0054184C /* GoogleService-Info.plist */,
				333595E11F70547A0054184C /* Assets.xcassets */,
				333595E31F70547A0054184C /* LaunchScreen.storyboard */,
				333595E61F70547A0054184C /* Info.plist */,
			);
			path = "Wonder and Wander";
			sourceTree = "<group>";
		};
		820DEB3E39B466B01CAE2DAD /* Frameworks */ = {
			isa = PBXGroup;
			children = (
				EA394023DD72C3CF81188F88 /* Pods_Wonder_and_Wander.framework */,
			);
			name = Frameworks;
			sourceTree = "<group>";
		};
		8C86B2F5687043EC53747A90 /* Pods */ = {
			isa = PBXGroup;
			children = (
				33FC345FEEB8ED4957FE8345 /* Pods-Wonder and Wander.debug.xcconfig */,
				6FC3B1CB1A98584D1AACE2E7 /* Pods-Wonder and Wander.release.xcconfig */,
			);
			name = Pods;
			sourceTree = "<group>";
		};
/* End PBXGroup section */

/* Begin PBXNativeTarget section */
		333595D61F70547A0054184C /* Wonder and Wander */ = {
			isa = PBXNativeTarget;
			buildConfigurationList = 333595E91F70547A0054184C /* Build configuration list for PBXNativeTarget "Wonder and Wander" */;
			buildPhases = (
				6DF006A901FF00823AE3D22E /* [CP] Check Pods Manifest.lock */,
				333595D31F70547A0054184C /* Sources */,
				333595D41F70547A0054184C /* Frameworks */,
				333595D51F70547A0054184C /* Resources */,
				9BCB981CCE7E8F36A19AC306 /* [CP] Embed Pods Frameworks */,
				D37673F91E3764512BF5191F /* [CP] Copy Pods Resources */,
			);
			buildRules = (
			);
			dependencies = (
			);
			name = "Wonder and Wander";
			productName = "Wonder and Wander";
			productReference = 333595D71F70547A0054184C /* Wonder and Wander.app */;
			productType = "com.apple.product-type.application";
		};
/* End PBXNativeTarget section */

/* Begin PBXProject section */
		333595CF1F70547A0054184C /* Project object */ = {
			isa = PBXProject;
			attributes = {
				LastSwiftUpdateCheck = 0900;
				LastUpgradeCheck = 0900;
				ORGANIZATIONNAME = "gina iliff";
				TargetAttributes = {
					333595D61F70547A0054184C = {
						CreatedOnToolsVersion = 9.0;
					};
				};
			};
			buildConfigurationList = 333595D21F70547A0054184C /* Build configuration list for PBXProject "Wonder and Wander" */;
			compatibilityVersion = "Xcode 8.0";
			developmentRegion = en;
			hasScannedForEncodings = 0;
			knownRegions = (
				en,
				Base,
			);
			mainGroup = 333595CE1F70547A0054184C;
			productRefGroup = 333595D81F70547A0054184C /* Products */;
			projectDirPath = "";
			projectRoot = "";
			targets = (
				333595D61F70547A0054184C /* Wonder and Wander */,
			);
		};
/* End PBXProject section */

/* Begin PBXResourcesBuildPhase section */
		333595D51F70547A0054184C /* Resources */ = {
			isa = PBXResourcesBuildPhase;
			buildActionMask = 2147483647;
			files = (
				333595E51F70547A0054184C /* LaunchScreen.storyboard in Resources */,
				333595ED1F7063930054184C /* GoogleService-Info.plist in Resources */,
				333595E21F70547A0054184C /* Assets.xcassets in Resources */,
				333595E01F70547A0054184C /* Main.storyboard in Resources */,
			);
			runOnlyForDeploymentPostprocessing = 0;
		};
/* End PBXResourcesBuildPhase section */

/* Begin PBXShellScriptBuildPhase section */
		6DF006A901FF00823AE3D22E /* [CP] Check Pods Manifest.lock */ = {
			isa = PBXShellScriptBuildPhase;
			buildActionMask = 2147483647;
			files = (
			);
			inputPaths = (
			);
			name = "[CP] Check Pods Manifest.lock";
			outputPaths = (
			);
			runOnlyForDeploymentPostprocessing = 0;
			shellPath = /bin/sh;
			shellScript = "diff \"${PODS_ROOT}/../Podfile.lock\" \"${PODS_ROOT}/Manifest.lock\" > /dev/null\nif [ $? != 0 ] ; then\n    # print error to STDERR\n    echo \"error: The sandbox is not in sync with the Podfile.lock. Run 'pod install' or update your CocoaPods installation.\" >&2\n    exit 1\nfi\n";
			showEnvVarsInLog = 0;
		};
		9BCB981CCE7E8F36A19AC306 /* [CP] Embed Pods Frameworks */ = {
			isa = PBXShellScriptBuildPhase;
			buildActionMask = 2147483647;
			files = (
			);
			inputPaths = (
			);
			name = "[CP] Embed Pods Frameworks";
			outputPaths = (
			);
			runOnlyForDeploymentPostprocessing = 0;
			shellPath = /bin/sh;
			shellScript = "\"${SRCROOT}/Pods/Target Support Files/Pods-Wonder and Wander/Pods-Wonder and Wander-frameworks.sh\"\n";
			showEnvVarsInLog = 0;
		};
		D37673F91E3764512BF5191F /* [CP] Copy Pods Resources */ = {
			isa = PBXShellScriptBuildPhase;
			buildActionMask = 2147483647;
			files = (
			);
			inputPaths = (
			);
			name = "[CP] Copy Pods Resources";
			outputPaths = (
			);
			runOnlyForDeploymentPostprocessing = 0;
			shellPath = /bin/sh;
			shellScript = "\"${SRCROOT}/Pods/Target Support Files/Pods-Wonder and Wander/Pods-Wonder and Wander-resources.sh\"\n";
			showEnvVarsInLog = 0;
		};
/* End PBXShellScriptBuildPhase section */

/* Begin PBXSourcesBuildPhase section */
		333595D31F70547A0054184C /* Sources */ = {
			isa = PBXSourcesBuildPhase;
			buildActionMask = 2147483647;
			files = (
				333595EF1F70850C0054184C /* ProfileViewController.swift in Sources */,
				333595F31F7088350054184C /* UserTripsTableViewController.swift in Sources */,
				333595F11F7087300054184C /* AddTripViewController.swift in Sources */,
				333595F51F731F0F0054184C /* TripViewController.swift in Sources */,
				333595DD1F70547A0054184C /* HomeViewController.swift in Sources */,
				333595DB1F70547A0054184C /* AppDelegate.swift in Sources */,
			);
			runOnlyForDeploymentPostprocessing = 0;
		};
/* End PBXSourcesBuildPhase section */

/* Begin PBXVariantGroup section */
		333595DE1F70547A0054184C /* Main.storyboard */ = {
			isa = PBXVariantGroup;
			children = (
				333595DF1F70547A0054184C /* Base */,
			);
			name = Main.storyboard;
			sourceTree = "<group>";
		};
		333595E31F70547A0054184C /* LaunchScreen.storyboard */ = {
			isa = PBXVariantGroup;
			children = (
				333595E41F70547A0054184C /* Base */,
			);
			name = LaunchScreen.storyboard;
			sourceTree = "<group>";
		};
/* End PBXVariantGroup section */

/* Begin XCBuildConfiguration section */
		333595E71F70547A0054184C /* Debug */ = {
			isa = XCBuildConfiguration;
			buildSettings = {
				ALWAYS_SEARCH_USER_PATHS = NO;
				CLANG_ANALYZER_NONNULL = YES;
				CLANG_ANALYZER_NUMBER_OBJECT_CONVERSION = YES_AGGRESSIVE;
				CLANG_CXX_LANGUAGE_STANDARD = "gnu++14";
				CLANG_CXX_LIBRARY = "libc++";
				CLANG_ENABLE_MODULES = YES;
				CLANG_ENABLE_OBJC_ARC = YES;
				CLANG_WARN_BLOCK_CAPTURE_AUTORELEASING = YES;
				CLANG_WARN_BOOL_CONVERSION = YES;
				CLANG_WARN_COMMA = YES;
				CLANG_WARN_CONSTANT_CONVERSION = YES;
				CLANG_WARN_DIRECT_OBJC_ISA_USAGE = YES_ERROR;
				CLANG_WARN_DOCUMENTATION_COMMENTS = YES;
				CLANG_WARN_EMPTY_BODY = YES;
				CLANG_WARN_ENUM_CONVERSION = YES;
				CLANG_WARN_INFINITE_RECURSION = YES;
				CLANG_WARN_INT_CONVERSION = YES;
				CLANG_WARN_NON_LITERAL_NULL_CONVERSION = YES;
				CLANG_WARN_OBJC_LITERAL_CONVERSION = YES;
				CLANG_WARN_OBJC_ROOT_CLASS = YES_ERROR;
				CLANG_WARN_RANGE_LOOP_ANALYSIS = YES;
				CLANG_WARN_STRICT_PROTOTYPES = YES;
				CLANG_WARN_SUSPICIOUS_MOVE = YES;
				CLANG_WARN_UNGUARDED_AVAILABILITY = YES_AGGRESSIVE;
				CLANG_WARN_UNREACHABLE_CODE = YES;
				CLANG_WARN__DUPLICATE_METHOD_MATCH = YES;
				CODE_SIGN_IDENTITY = "iPhone Developer";
				COPY_PHASE_STRIP = NO;
				DEBUG_INFORMATION_FORMAT = dwarf;
				ENABLE_STRICT_OBJC_MSGSEND = YES;
				ENABLE_TESTABILITY = YES;
				GCC_C_LANGUAGE_STANDARD = gnu11;
				GCC_DYNAMIC_NO_PIC = NO;
				GCC_NO_COMMON_BLOCKS = YES;
				GCC_OPTIMIZATION_LEVEL = 0;
				GCC_PREPROCESSOR_DEFINITIONS = (
					"DEBUG=1",
					"$(inherited)",
				);
				GCC_WARN_64_TO_32_BIT_CONVERSION = YES;
				GCC_WARN_ABOUT_RETURN_TYPE = YES_ERROR;
				GCC_WARN_UNDECLARED_SELECTOR = YES;
				GCC_WARN_UNINITIALIZED_AUTOS = YES_AGGRESSIVE;
				GCC_WARN_UNUSED_FUNCTION = YES;
				GCC_WARN_UNUSED_VARIABLE = YES;
				IPHONEOS_DEPLOYMENT_TARGET = 11.0;
				MTL_ENABLE_DEBUG_INFO = YES;
				ONLY_ACTIVE_ARCH = YES;
				SDKROOT = iphoneos;
				SWIFT_ACTIVE_COMPILATION_CONDITIONS = DEBUG;
				SWIFT_OPTIMIZATION_LEVEL = "-Onone";
			};
			name = Debug;
		};
		333595E81F70547A0054184C /* Release */ = {
			isa = XCBuildConfiguration;
			buildSettings = {
				ALWAYS_SEARCH_USER_PATHS = NO;
				CLANG_ANALYZER_NONNULL = YES;
				CLANG_ANALYZER_NUMBER_OBJECT_CONVERSION = YES_AGGRESSIVE;
				CLANG_CXX_LANGUAGE_STANDARD = "gnu++14";
				CLANG_CXX_LIBRARY = "libc++";
				CLANG_ENABLE_MODULES = YES;
				CLANG_ENABLE_OBJC_ARC = YES;
				CLANG_WARN_BLOCK_CAPTURE_AUTORELEASING = YES;
				CLANG_WARN_BOOL_CONVERSION = YES;
				CLANG_WARN_COMMA = YES;
				CLANG_WARN_CONSTANT_CONVERSION = YES;
				CLANG_WARN_DIRECT_OBJC_ISA_USAGE = YES_ERROR;
				CLANG_WARN_DOCUMENTATION_COMMENTS = YES;
				CLANG_WARN_EMPTY_BODY = YES;
				CLANG_WARN_ENUM_CONVERSION = YES;
				CLANG_WARN_INFINITE_RECURSION = YES;
				CLANG_WARN_INT_CONVERSION = YES;
				CLANG_WARN_NON_LITERAL_NULL_CONVERSION = YES;
				CLANG_WARN_OBJC_LITERAL_CONVERSION = YES;
				CLANG_WARN_OBJC_ROOT_CLASS = YES_ERROR;
				CLANG_WARN_RANGE_LOOP_ANALYSIS = YES;
				CLANG_WARN_STRICT_PROTOTYPES = YES;
				CLANG_WARN_SUSPICIOUS_MOVE = YES;
				CLANG_WARN_UNGUARDED_AVAILABILITY = YES_AGGRESSIVE;
				CLANG_WARN_UNREACHABLE_CODE = YES;
				CLANG_WARN__DUPLICATE_METHOD_MATCH = YES;
				CODE_SIGN_IDENTITY = "iPhone Developer";
				COPY_PHASE_STRIP = NO;
				DEBUG_INFORMATION_FORMAT = "dwarf-with-dsym";
				ENABLE_NS_ASSERTIONS = NO;
				ENABLE_STRICT_OBJC_MSGSEND = YES;
				GCC_C_LANGUAGE_STANDARD = gnu11;
				GCC_NO_COMMON_BLOCKS = YES;
				GCC_WARN_64_TO_32_BIT_CONVERSION = YES;
				GCC_WARN_ABOUT_RETURN_TYPE = YES_ERROR;
				GCC_WARN_UNDECLARED_SELECTOR = YES;
				GCC_WARN_UNINITIALIZED_AUTOS = YES_AGGRESSIVE;
				GCC_WARN_UNUSED_FUNCTION = YES;
				GCC_WARN_UNUSED_VARIABLE = YES;
				IPHONEOS_DEPLOYMENT_TARGET = 11.0;
				MTL_ENABLE_DEBUG_INFO = NO;
				SDKROOT = iphoneos;
				SWIFT_OPTIMIZATION_LEVEL = "-Owholemodule";
				VALIDATE_PRODUCT = YES;
			};
			name = Release;
		};
		333595EA1F70547A0054184C /* Debug */ = {
			isa = XCBuildConfiguration;
			baseConfigurationReference = 33FC345FEEB8ED4957FE8345 /* Pods-Wonder and Wander.debug.xcconfig */;
			buildSettings = {
				ASSETCATALOG_COMPILER_APPICON_NAME = AppIcon;
				DEVELOPMENT_TEAM = CL59C3LYC3;
				INFOPLIST_FILE = "Wonder and Wander/Info.plist";
				LD_RUNPATH_SEARCH_PATHS = "$(inherited) @executable_path/Frameworks";
				PRODUCT_BUNDLE_IDENTIFIER = "gina.iliff.Wonder-and-Wander";
				PRODUCT_NAME = "$(TARGET_NAME)";
				SWIFT_VERSION = 4.0;
				TARGETED_DEVICE_FAMILY = "1,2";
			};
			name = Debug;
		};
		333595EB1F70547A0054184C /* Release */ = {
			isa = XCBuildConfiguration;
			baseConfigurationReference = 6FC3B1CB1A98584D1AACE2E7 /* Pods-Wonder and Wander.release.xcconfig */;
			buildSettings = {
				ASSETCATALOG_COMPILER_APPICON_NAME = AppIcon;
				DEVELOPMENT_TEAM = CL59C3LYC3;
				INFOPLIST_FILE = "Wonder and Wander/Info.plist";
				LD_RUNPATH_SEARCH_PATHS = "$(inherited) @executable_path/Frameworks";
				PRODUCT_BUNDLE_IDENTIFIER = "gina.iliff.Wonder-and-Wander";
				PRODUCT_NAME = "$(TARGET_NAME)";
				SWIFT_VERSION = 4.0;
				TARGETED_DEVICE_FAMILY = "1,2";
			};
			name = Release;
		};
/* End XCBuildConfiguration section */

/* Begin XCConfigurationList section */
		333595D21F70547A0054184C /* Build configuration list for PBXProject "Wonder and Wander" */ = {
			isa = XCConfigurationList;
			buildConfigurations = (
				333595E71F70547A0054184C /* Debug */,
				333595E81F70547A0054184C /* Release */,
			);
			defaultConfigurationIsVisible = 0;
			defaultConfigurationName = Release;
		};
		333595E91F70547A0054184C /* Build configuration list for PBXNativeTarget "Wonder and Wander" */ = {
			isa = XCConfigurationList;
			buildConfigurations = (
				333595EA1F70547A0054184C /* Debug */,
				333595EB1F70547A0054184C /* Release */,
			);
			defaultConfigurationIsVisible = 0;
			defaultConfigurationName = Release;
		};
/* End XCConfigurationList section */
	};
	rootObject = 333595CF1F70547A0054184C /* Project object */;
}
